
Microsoft Visual Studio Solution File, Format Version 12.00
# Visual Studio Version 16
VisualStudioVersion = 16.0.32630.194
MinimumVisualStudioVersion = 10.0.40219.1
Project("{8BC9CEB8-8B4A-11D0-8D11-00A0C91BC942}") = "SjTest3", "SjTest3\SjTest3.vcxproj", "{2EE80A89-1A27-45E8-9330-49AF68050455}"
EndProject
Global
	GlobalSection(SolutionConfigurationPlatforms) = preSolution
		Debug|x64 = Debug|x64
		Debug|x86 = Debug|x86
		Release|x64 = Release|x64
		Release|x86 = Release|x86
	EndGlobalSection
	GlobalSection(ProjectConfigurationPlatforms) = postSolution
		{2EE80A89-1A27-45E8-9330-49AF68050455}.Debug|x64.ActiveCfg = Debug|x64
		{2EE80A89-1A27-45E8-9330-49AF68050455}.Debug|x64.Build.0 = Debug|x64
		{2EE80A89-1A27-45E8-9330-49AF68050455}.Debug|x86.ActiveCfg = Debug|Win32
		{2EE80A89-1A27-45E8-9330-49AF68050455}.Debug|x86.Build.0 = Debug|Win32
		{2EE80A89-1A27-45E8-9330-49AF68050455}.Release|x64.ActiveCfg = Release|x64
		{2EE80A89-1A27-45E8-9330-49AF68050455}.Release|x64.Build.0 = Release|x64
		{2EE80A89-1A27-45E8-9330-49AF68050455}.Release|x86.ActiveCfg = Release|Win32
		{2EE80A89-1A27-45E8-9330-49AF68050455}.Release|x86.Build.0 = Release|Win32
	EndGlobalSection
	GlobalSection(SolutionProperties) = preSolution
		HideSolutionNode = FALSE
	EndGlobalSection
	GlobalSection(ExtensibilityGlobals) = postSolution
		SolutionGuid = {1B161FB4-79F3-4674-99E1-8D025CFA4D86}
	EndGlobalSection
EndGlobal
