
Microsoft Visual Studio Solution File, Format Version 12.00
# Visual Studio Version 16
VisualStudioVersion = 16.0.32510.428
MinimumVisualStudioVersion = 10.0.40219.1
Project("{8BC9CEB8-8B4A-11D0-8D11-00A0C91BC942}") = "Clinet2", "Clinet2\Clinet2.vcxproj", "{3F880AA4-A09A-4A95-8E7E-82B3634699BC}"
EndProject
Global
	GlobalSection(SolutionConfigurationPlatforms) = preSolution
		Debug|x64 = Debug|x64
		Debug|x86 = Debug|x86
		Release|x64 = Release|x64
		Release|x86 = Release|x86
	EndGlobalSection
	GlobalSection(ProjectConfigurationPlatforms) = postSolution
		{3F880AA4-A09A-4A95-8E7E-82B3634699BC}.Debug|x64.ActiveCfg = Debug|x64
		{3F880AA4-A09A-4A95-8E7E-82B3634699BC}.Debug|x64.Build.0 = Debug|x64
		{3F880AA4-A09A-4A95-8E7E-82B3634699BC}.Debug|x86.ActiveCfg = Debug|Win32
		{3F880AA4-A09A-4A95-8E7E-82B3634699BC}.Debug|x86.Build.0 = Debug|Win32
		{3F880AA4-A09A-4A95-8E7E-82B3634699BC}.Release|x64.ActiveCfg = Release|x64
		{3F880AA4-A09A-4A95-8E7E-82B3634699BC}.Release|x64.Build.0 = Release|x64
		{3F880AA4-A09A-4A95-8E7E-82B3634699BC}.Release|x86.ActiveCfg = Release|Win32
		{3F880AA4-A09A-4A95-8E7E-82B3634699BC}.Release|x86.Build.0 = Release|Win32
	EndGlobalSection
	GlobalSection(SolutionProperties) = preSolution
		HideSolutionNode = FALSE
	EndGlobalSection
	GlobalSection(ExtensibilityGlobals) = postSolution
		SolutionGuid = {DFA138A9-A7CC-48C4-8BF1-A2D8D83400C1}
	EndGlobalSection
EndGlobal
