
Microsoft Visual Studio Solution File, Format Version 12.00
# Visual Studio 2013
VisualStudioVersion = 12.0.21005.1
MinimumVisualStudioVersion = 10.0.40219.1
Project("{8BC9CEB8-8B4A-11D0-8D11-00A0C91BC942}") = "SjChatClient", "SjChatClient.vcxproj", "{47B6693D-1B38-4B91-8890-31F3B9F84699}"
EndProject
Global
	GlobalSection(SolutionConfigurationPlatforms) = preSolution
		Debug|Win32 = Debug|Win32
		Release|Win32 = Release|Win32
	EndGlobalSection
	GlobalSection(ProjectConfigurationPlatforms) = postSolution
		{47B6693D-1B38-4B91-8890-31F3B9F84699}.Debug|Win32.ActiveCfg = Debug|Win32
		{47B6693D-1B38-4B91-8890-31F3B9F84699}.Debug|Win32.Build.0 = Debug|Win32
		{47B6693D-1B38-4B91-8890-31F3B9F84699}.Release|Win32.ActiveCfg = Release|Win32
		{47B6693D-1B38-4B91-8890-31F3B9F84699}.Release|Win32.Build.0 = Release|Win32
	EndGlobalSection
	GlobalSection(SolutionProperties) = preSolution
		HideSolutionNode = FALSE
	EndGlobalSection
EndGlobal
